{
  "name": "Project_PhatTrienUngDung",
  "lockfileVersion": 3,
  "requires": true,
  "packages": {
    "": {
      "dependencies": {
        "sudoku-ts": "^1.0.1"
      }
    },
    "node_modules/sudoku-ts": {
      "version": "1.0.1",
      "resolved": "https://registry.npmjs.org/sudoku-ts/-/sudoku-ts-1.0.1.tgz",
      "integrity": "sha512-fC8M3hvDW/BTYkKVMQpMBgK+boZUnA3e8tvTABVBAvg3YKr6x1r2/2jJCDblsGp1+6Y8cWDnB4ca1f8n1NIIlg==",
      "license": "ISC"
    }
  }
}
